
Microsoft Visual Studio Solution File, Format Version 12.00
# Visual Studio Version 17
VisualStudioVersion = 17.11.35327.3
MinimumVisualStudioVersion = 10.0.40219.1
Project("{FAE04EC0-301F-11D3-BF4B-00C04F79EFBC}") = "Unkon", "Unkon\Unkon.csproj", "{2ED8A8E0-6100-468A-85D8-A51388F0E23F}"
EndProject
Global
	GlobalSection(SolutionConfigurationPlatforms) = preSolution
		Debug|Any CPU = Debug|Any CPU
		Release|Any CPU = Release|Any CPU
	EndGlobalSection
	GlobalSection(ProjectConfigurationPlatforms) = postSolution
		{2ED8A8E0-6100-468A-85D8-A51388F0E23F}.Debug|Any CPU.ActiveCfg = Debug|Any CPU
		{2ED8A8E0-6100-468A-85D8-A51388F0E23F}.Debug|Any CPU.Build.0 = Debug|Any CPU
		{2ED8A8E0-6100-468A-85D8-A51388F0E23F}.Release|Any CPU.ActiveCfg = Release|Any CPU
		{2ED8A8E0-6100-468A-85D8-A51388F0E23F}.Release|Any CPU.Build.0 = Release|Any CPU
	EndGlobalSection
	GlobalSection(SolutionProperties) = preSolution
		HideSolutionNode = FALSE
	EndGlobalSection
	GlobalSection(ExtensibilityGlobals) = postSolution
		SolutionGuid = {9F4CD430-8EA5-425F-8F8E-25667D1D40D3}
	EndGlobalSection
EndGlobal
